
Microsoft Visual Studio Solution File, Format Version 12.00
# Visual Studio 15
VisualStudioVersion = 15.0.27428.2037
MinimumVisualStudioVersion = 10.0.40219.1
Project("{FAE04EC0-301F-11D3-BF4B-00C04F79EFBC}") = "P1E1", "P1E1\P1E1.csproj", "{4B78E62B-A154-4EF8-B3DE-A58A1545AAEA}"
EndProject
Project("{FAE04EC0-301F-11D3-BF4B-00C04F79EFBC}") = "P1E2", "P1E2\P1E2.csproj", "{009B6119-A204-4F36-A529-418A3C0C44BA}"
EndProject
Project("{FAE04EC0-301F-11D3-BF4B-00C04F79EFBC}") = "P1E3", "P1E3\P1E3.csproj", "{CEF44BF3-E3E9-429A-BE3A-8C7A6F51C792}"
EndProject
Project("{FAE04EC0-301F-11D3-BF4B-00C04F79EFBC}") = "P1E4", "P1E4\P1E4.csproj", "{66F29075-0920-4800-AAF2-50E0946849C6}"
EndProject
Project("{FAE04EC0-301F-11D3-BF4B-00C04F79EFBC}") = "P1E5", "P1E5\P1E5.csproj", "{E19C8F9C-6A49-4716-948A-08DADE6C0013}"
EndProject
Project("{FAE04EC0-301F-11D3-BF4B-00C04F79EFBC}") = "P1E6", "P1E6\P1E6.csproj", "{6CB8D107-AC71-4860-AE89-9343C74BE3FE}"
EndProject
Project("{FAE04EC0-301F-11D3-BF4B-00C04F79EFBC}") = "P1E7", "P1E7\P1E7.csproj", "{07BCE736-CA7A-4CFE-B39B-6962A599A69D}"
EndProject
Project("{FAE04EC0-301F-11D3-BF4B-00C04F79EFBC}") = "P1E8", "P1E8\P1E8.csproj", "{07C13463-4180-4C32-8344-55DAB10E5A2E}"
EndProject
Project("{FAE04EC0-301F-11D3-BF4B-00C04F79EFBC}") = "P1E9", "P1E9\P1E9.csproj", "{D8EC948C-72F8-4180-B5C5-28A84B76F57E}"
EndProject
Project("{FAE04EC0-301F-11D3-BF4B-00C04F79EFBC}") = "P1E10", "P1E10\P1E10.csproj", "{CB0AA4A8-2220-4572-8CD8-CBFCA5AF4E05}"
EndProject
Project("{FAE04EC0-301F-11D3-BF4B-00C04F79EFBC}") = "P1E11", "P1E11\P1E11.csproj", "{234CA299-8AAA-4A55-933E-4E6DB9E9D2DB}"
EndProject
Global
	GlobalSection(SolutionConfigurationPlatforms) = preSolution
		Debug|Any CPU = Debug|Any CPU
		Release|Any CPU = Release|Any CPU
	EndGlobalSection
	GlobalSection(ProjectConfigurationPlatforms) = postSolution
		{4B78E62B-A154-4EF8-B3DE-A58A1545AAEA}.Debug|Any CPU.ActiveCfg = Debug|Any CPU
		{4B78E62B-A154-4EF8-B3DE-A58A1545AAEA}.Debug|Any CPU.Build.0 = Debug|Any CPU
		{4B78E62B-A154-4EF8-B3DE-A58A1545AAEA}.Release|Any CPU.ActiveCfg = Release|Any CPU
		{4B78E62B-A154-4EF8-B3DE-A58A1545AAEA}.Release|Any CPU.Build.0 = Release|Any CPU
		{009B6119-A204-4F36-A529-418A3C0C44BA}.Debug|Any CPU.ActiveCfg = Debug|Any CPU
		{009B6119-A204-4F36-A529-418A3C0C44BA}.Debug|Any CPU.Build.0 = Debug|Any CPU
		{009B6119-A204-4F36-A529-418A3C0C44BA}.Release|Any CPU.ActiveCfg = Release|Any CPU
		{009B6119-A204-4F36-A529-418A3C0C44BA}.Release|Any CPU.Build.0 = Release|Any CPU
		{CEF44BF3-E3E9-429A-BE3A-8C7A6F51C792}.Debug|Any CPU.ActiveCfg = Debug|Any CPU
		{CEF44BF3-E3E9-429A-BE3A-8C7A6F51C792}.Debug|Any CPU.Build.0 = Debug|Any CPU
		{CEF44BF3-E3E9-429A-BE3A-8C7A6F51C792}.Release|Any CPU.ActiveCfg = Release|Any CPU
		{CEF44BF3-E3E9-429A-BE3A-8C7A6F51C792}.Release|Any CPU.Build.0 = Release|Any CPU
		{66F29075-0920-4800-AAF2-50E0946849C6}.Debug|Any CPU.ActiveCfg = Debug|Any CPU
		{66F29075-0920-4800-AAF2-50E0946849C6}.Debug|Any CPU.Build.0 = Debug|Any CPU
		{66F29075-0920-4800-AAF2-50E0946849C6}.Release|Any CPU.ActiveCfg = Release|Any CPU
		{66F29075-0920-4800-AAF2-50E0946849C6}.Release|Any CPU.Build.0 = Release|Any CPU
		{E19C8F9C-6A49-4716-948A-08DADE6C0013}.Debug|Any CPU.ActiveCfg = Debug|Any CPU
		{E19C8F9C-6A49-4716-948A-08DADE6C0013}.Debug|Any CPU.Build.0 = Debug|Any CPU
		{E19C8F9C-6A49-4716-948A-08DADE6C0013}.Release|Any CPU.ActiveCfg = Release|Any CPU
		{E19C8F9C-6A49-4716-948A-08DADE6C0013}.Release|Any CPU.Build.0 = Release|Any CPU
		{6CB8D107-AC71-4860-AE89-9343C74BE3FE}.Debug|Any CPU.ActiveCfg = Debug|Any CPU
		{6CB8D107-AC71-4860-AE89-9343C74BE3FE}.Debug|Any CPU.Build.0 = Debug|Any CPU
		{6CB8D107-AC71-4860-AE89-9343C74BE3FE}.Release|Any CPU.ActiveCfg = Release|Any CPU
		{6CB8D107-AC71-4860-AE89-9343C74BE3FE}.Release|Any CPU.Build.0 = Release|Any CPU
		{07BCE736-CA7A-4CFE-B39B-6962A599A69D}.Debug|Any CPU.ActiveCfg = Debug|Any CPU
		{07BCE736-CA7A-4CFE-B39B-6962A599A69D}.Debug|Any CPU.Build.0 = Debug|Any CPU
		{07BCE736-CA7A-4CFE-B39B-6962A599A69D}.Release|Any CPU.ActiveCfg = Release|Any CPU
		{07BCE736-CA7A-4CFE-B39B-6962A599A69D}.Release|Any CPU.Build.0 = Release|Any CPU
		{07C13463-4180-4C32-8344-55DAB10E5A2E}.Debug|Any CPU.ActiveCfg = Debug|Any CPU
		{07C13463-4180-4C32-8344-55DAB10E5A2E}.Debug|Any CPU.Build.0 = Debug|Any CPU
		{07C13463-4180-4C32-8344-55DAB10E5A2E}.Release|Any CPU.ActiveCfg = Release|Any CPU
		{07C13463-4180-4C32-8344-55DAB10E5A2E}.Release|Any CPU.Build.0 = Release|Any CPU
		{D8EC948C-72F8-4180-B5C5-28A84B76F57E}.Debug|Any CPU.ActiveCfg = Debug|Any CPU
		{D8EC948C-72F8-4180-B5C5-28A84B76F57E}.Debug|Any CPU.Build.0 = Debug|Any CPU
		{D8EC948C-72F8-4180-B5C5-28A84B76F57E}.Release|Any CPU.ActiveCfg = Release|Any CPU
		{D8EC948C-72F8-4180-B5C5-28A84B76F57E}.Release|Any CPU.Build.0 = Release|Any CPU
		{CB0AA4A8-2220-4572-8CD8-CBFCA5AF4E05}.Debug|Any CPU.ActiveCfg = Debug|Any CPU
		{CB0AA4A8-2220-4572-8CD8-CBFCA5AF4E05}.Debug|Any CPU.Build.0 = Debug|Any CPU
		{CB0AA4A8-2220-4572-8CD8-CBFCA5AF4E05}.Release|Any CPU.ActiveCfg = Release|Any CPU
		{CB0AA4A8-2220-4572-8CD8-CBFCA5AF4E05}.Release|Any CPU.Build.0 = Release|Any CPU
		{234CA299-8AAA-4A55-933E-4E6DB9E9D2DB}.Debug|Any CPU.ActiveCfg = Debug|Any CPU
		{234CA299-8AAA-4A55-933E-4E6DB9E9D2DB}.Debug|Any CPU.Build.0 = Debug|Any CPU
		{234CA299-8AAA-4A55-933E-4E6DB9E9D2DB}.Release|Any CPU.ActiveCfg = Release|Any CPU
		{234CA299-8AAA-4A55-933E-4E6DB9E9D2DB}.Release|Any CPU.Build.0 = Release|Any CPU
	EndGlobalSection
	GlobalSection(SolutionProperties) = preSolution
		HideSolutionNode = FALSE
	EndGlobalSection
	GlobalSection(ExtensibilityGlobals) = postSolution
		SolutionGuid = {DF717A65-1628-4A0C-9985-85135FCCEB70}
	EndGlobalSection
EndGlobal
